// !$*UTF8*$!
{
	archiveVersion = 1;
	classes = {
	};
	objectVersion = 50;
	objects = {

/* Begin PBXBuildFile section */
		CC228FFB245C137E00D779A5 /* PresetValidations.swift in Sources */ = {isa = PBXBuildFile; fileRef = CC228FF8245C137E00D779A5 /* PresetValidations.swift */; };
		CC228FFC245C137E00D779A5 /* ValidationHelpers.swift in Sources */ = {isa = PBXBuildFile; fileRef = CC228FF9245C137E00D779A5 /* ValidationHelpers.swift */; };
		CC228FFD245C137E00D779A5 /* Formatters.swift in Sources */ = {isa = PBXBuildFile; fileRef = CC228FFA245C137E00D779A5 /* Formatters.swift */; };
		CC228FFF245C138A00D779A5 /* Bindable.swift in Sources */ = {isa = PBXBuildFile; fileRef = CC228FFE245C138A00D779A5 /* Bindable.swift */; };
		CCAF956A245C0A8000170876 /* StatefulTextField.swift in Sources */ = {isa = PBXBuildFile; fileRef = CCAF9569245C0A8000170876 /* StatefulTextField.swift */; };
/* End PBXBuildFile section */

/* Begin PBXCopyFilesBuildPhase section */
		CCAF9564245C0A8000170876 /* CopyFiles */ = {
			isa = PBXCopyFilesBuildPhase;
			buildActionMask = 2147483647;
			dstPath = "include/$(PRODUCT_NAME)";
			dstSubfolderSpec = 16;
			files = (
			);
			runOnlyForDeploymentPostprocessing = 0;
		};
/* End PBXCopyFilesBuildPhase section */

/* Begin PBXFileReference section */
		CC228FF8245C137E00D779A5 /* PresetValidations.swift */ = {isa = PBXFileReference; fileEncoding = 4; lastKnownFileType = sourcecode.swift; path = PresetValidations.swift; sourceTree = "<group>"; };
		CC228FF9245C137E00D779A5 /* ValidationHelpers.swift */ = {isa = PBXFileReference; fileEncoding = 4; lastKnownFileType = sourcecode.swift; path = ValidationHelpers.swift; sourceTree = "<group>"; };
		CC228FFA245C137E00D779A5 /* Formatters.swift */ = {isa = PBXFileReference; fileEncoding = 4; lastKnownFileType = sourcecode.swift; path = Formatters.swift; sourceTree = "<group>"; };
		CC228FFE245C138A00D779A5 /* Bindable.swift */ = {isa = PBXFileReference; fileEncoding = 4; lastKnownFileType = sourcecode.swift; path = Bindable.swift; sourceTree = "<group>"; };
		CCAF9566245C0A8000170876 /* libStatefulTextField.a */ = {isa = PBXFileReference; explicitFileType = archive.ar; includeInIndex = 0; path = libStatefulTextField.a; sourceTree = BUILT_PRODUCTS_DIR; };
		CCAF9569245C0A8000170876 /* StatefulTextField.swift */ = {isa = PBXFileReference; lastKnownFileType = sourcecode.swift; path = StatefulTextField.swift; sourceTree = "<group>"; };
/* End PBXFileReference section */

/* Begin PBXFrameworksBuildPhase section */
		CCAF9563245C0A8000170876 /* Frameworks */ = {
			isa = PBXFrameworksBuildPhase;
			buildActionMask = 2147483647;
			files = (
			);
			runOnlyForDeploymentPostprocessing = 0;
		};
/* End PBXFrameworksBuildPhase section */

/* Begin PBXGroup section */
		CCAF955D245C0A8000170876 = {
			isa = PBXGroup;
			children = (
				CCAF9568245C0A8000170876 /* StatefulTextField */,
				CCAF9567245C0A8000170876 /* Products */,
			);
			sourceTree = "<group>";
		};
		CCAF9567245C0A8000170876 /* Products */ = {
			isa = PBXGroup;
			children = (
				CCAF9566245C0A8000170876 /* libStatefulTextField.a */,
			);
			name = Products;
			sourceTree = "<group>";
		};
		CCAF9568245C0A8000170876 /* StatefulTextField */ = {
			isa = PBXGroup;
			children = (
				CCAF9570245C126200170876 /* Validation */,
				CCAF9569245C0A8000170876 /* StatefulTextField.swift */,
				CC228FFE245C138A00D779A5 /* Bindable.swift */,
			);
			path = StatefulTextField;
			sourceTree = "<group>";
		};
		CCAF9570245C126200170876 /* Validation */ = {
			isa = PBXGroup;
			children = (
				CC228FFA245C137E00D779A5 /* Formatters.swift */,
				CC228FF8245C137E00D779A5 /* PresetValidations.swift */,
				CC228FF9245C137E00D779A5 /* ValidationHelpers.swift */,
			);
			path = Validation;
			sourceTree = "<group>";
		};
/* End PBXGroup section */

/* Begin PBXNativeTarget section */
		CCAF9565245C0A8000170876 /* StatefulTextField */ = {
			isa = PBXNativeTarget;
			buildConfigurationList = CCAF956D245C0A8000170876 /* Build configuration list for PBXNativeTarget "StatefulTextField" */;
			buildPhases = (
				CCAF9562245C0A8000170876 /* Sources */,
				CCAF9563245C0A8000170876 /* Frameworks */,
				CCAF9564245C0A8000170876 /* CopyFiles */,
			);
			buildRules = (
			);
			dependencies = (
			);
			name = StatefulTextField;
			productName = StatefulTextField;
			productReference = CCAF9566245C0A8000170876 /* libStatefulTextField.a */;
			productType = "com.apple.product-type.library.static";
		};
/* End PBXNativeTarget section */

/* Begin PBXProject section */
		CCAF955E245C0A8000170876 /* Project object */ = {
			isa = PBXProject;
			attributes = {
				LastSwiftUpdateCheck = 1140;
				LastUpgradeCheck = 1140;
				ORGANIZATIONNAME = "Jim Joyce";
				TargetAttributes = {
					CCAF9565245C0A8000170876 = {
						CreatedOnToolsVersion = 11.4;
					};
				};
			};
			buildConfigurationList = CCAF9561245C0A8000170876 /* Build configuration list for PBXProject "StatefulTextField" */;
			compatibilityVersion = "Xcode 9.3";
			developmentRegion = en;
			hasScannedForEncodings = 0;
			knownRegions = (
				en,
				Base,
			);
			mainGroup = CCAF955D245C0A8000170876;
			productRefGroup = CCAF9567245C0A8000170876 /* Products */;
			projectDirPath = "";
			projectRoot = "";
			targets = (
				CCAF9565245C0A8000170876 /* StatefulTextField */,
			);
		};
/* End PBXProject section */

/* Begin PBXSourcesBuildPhase section */
		CCAF9562245C0A8000170876 /* Sources */ = {
			isa = PBXSourcesBuildPhase;
			buildActionMask = 2147483647;
			files = (
				CC228FFF245C138A00D779A5 /* Bindable.swift in Sources */,
				CCAF956A245C0A8000170876 /* StatefulTextField.swift in Sources */,
				CC228FFC245C137E00D779A5 /* ValidationHelpers.swift in Sources */,
				CC228FFD245C137E00D779A5 /* Formatters.swift in Sources */,
				CC228FFB245C137E00D779A5 /* PresetValidations.swift in Sources */,
			);
			runOnlyForDeploymentPostprocessing = 0;
		};
/* End PBXSourcesBuildPhase section */

/* Begin XCBuildConfiguration section */
		CCAF956B245C0A8000170876 /* Debug */ = {
			isa = XCBuildConfiguration;
			buildSettings = {
				ALWAYS_SEARCH_USER_PATHS = NO;
				CLANG_ANALYZER_NONNULL = YES;
				CLANG_ANALYZER_NUMBER_OBJECT_CONVERSION = YES_AGGRESSIVE;
				CLANG_CXX_LANGUAGE_STANDARD = "gnu++14";
				CLANG_CXX_LIBRARY = "libc++";
				CLANG_ENABLE_MODULES = YES;
				CLANG_ENABLE_OBJC_ARC = YES;
				CLANG_ENABLE_OBJC_WEAK = YES;
				CLANG_WARN_BLOCK_CAPTURE_AUTORELEASING = YES;
				CLANG_WARN_BOOL_CONVERSION = YES;
				CLANG_WARN_COMMA = YES;
				CLANG_WARN_CONSTANT_CONVERSION = YES;
				CLANG_WARN_DEPRECATED_OBJC_IMPLEMENTATIONS = YES;
				CLANG_WARN_DIRECT_OBJC_ISA_USAGE = YES_ERROR;
				CLANG_WARN_DOCUMENTATION_COMMENTS = YES;
				CLANG_WARN_EMPTY_BODY = YES;
				CLANG_WARN_ENUM_CONVERSION = YES;
				CLANG_WARN_INFINITE_RECURSION = YES;
				CLANG_WARN_INT_CONVERSION = YES;
				CLANG_WARN_NON_LITERAL_NULL_CONVERSION = YES;
				CLANG_WARN_OBJC_IMPLICIT_RETAIN_SELF = YES;
				CLANG_WARN_OBJC_LITERAL_CONVERSION = YES;
				CLANG_WARN_OBJC_ROOT_CLASS = YES_ERROR;
				CLANG_WARN_RANGE_LOOP_ANALYSIS = YES;
				CLANG_WARN_STRICT_PROTOTYPES = YES;
				CLANG_WARN_SUSPICIOUS_MOVE = YES;
				CLANG_WARN_UNGUARDED_AVAILABILITY = YES_AGGRESSIVE;
				CLANG_WARN_UNREACHABLE_CODE = YES;
				CLANG_WARN__DUPLICATE_METHOD_MATCH = YES;
				COPY_PHASE_STRIP = NO;
				DEBUG_INFORMATION_FORMAT = dwarf;
				ENABLE_STRICT_OBJC_MSGSEND = YES;
				ENABLE_TESTABILITY = YES;
				GCC_C_LANGUAGE_STANDARD = gnu11;
				GCC_DYNAMIC_NO_PIC = NO;
				GCC_NO_COMMON_BLOCKS = YES;
				GCC_OPTIMIZATION_LEVEL = 0;
				GCC_PREPROCESSOR_DEFINITIONS = (
					"DEBUG=1",
					"$(inherited)",
				);
				GCC_WARN_64_TO_32_BIT_CONVERSION = YES;
				GCC_WARN_ABOUT_RETURN_TYPE = YES_ERROR;
				GCC_WARN_UNDECLARED_SELECTOR = YES;
				GCC_WARN_UNINITIALIZED_AUTOS = YES_AGGRESSIVE;
				GCC_WARN_UNUSED_FUNCTION = YES;
				GCC_WARN_UNUSED_VARIABLE = YES;
				IPHONEOS_DEPLOYMENT_TARGET = 13.4;
				MTL_ENABLE_DEBUG_INFO = INCLUDE_SOURCE;
				MTL_FAST_MATH = YES;
				ONLY_ACTIVE_ARCH = YES;
				SDKROOT = iphoneos;
				SWIFT_ACTIVE_COMPILATION_CONDITIONS = DEBUG;
				SWIFT_OPTIMIZATION_LEVEL = "-Onone";
			};
			name = Debug;
		};
		CCAF956C245C0A8000170876 /* Release */ = {
			isa = XCBuildConfiguration;
			buildSettings = {
				ALWAYS_SEARCH_USER_PATHS = NO;
				CLANG_ANALYZER_NONNULL = YES;
				CLANG_ANALYZER_NUMBER_OBJECT_CONVERSION = YES_AGGRESSIVE;
				CLANG_CXX_LANGUAGE_STANDARD = "gnu++14";
				CLANG_CXX_LIBRARY = "libc++";
				CLANG_ENABLE_MODULES = YES;
				CLANG_ENABLE_OBJC_ARC = YES;
				CLANG_ENABLE_OBJC_WEAK = YES;
				CLANG_WARN_BLOCK_CAPTURE_AUTORELEASING = YES;
				CLANG_WARN_BOOL_CONVERSION = YES;
				CLANG_WARN_COMMA = YES;
				CLANG_WARN_CONSTANT_CONVERSION = YES;
				CLANG_WARN_DEPRECATED_OBJC_IMPLEMENTATIONS = YES;
				CLANG_WARN_DIRECT_OBJC_ISA_USAGE = YES_ERROR;
				CLANG_WARN_DOCUMENTATION_COMMENTS = YES;
				CLANG_WARN_EMPTY_BODY = YES;
				CLANG_WARN_ENUM_CONVERSION = YES;
				CLANG_WARN_INFINITE_RECURSION = YES;
				CLANG_WARN_INT_CONVERSION = YES;
				CLANG_WARN_NON_LITERAL_NULL_CONVERSION = YES;
				CLANG_WARN_OBJC_IMPLICIT_RETAIN_SELF = YES;
				CLANG_WARN_OBJC_LITERAL_CONVERSION = YES;
				CLANG_WARN_OBJC_ROOT_CLASS = YES_ERROR;
				CLANG_WARN_RANGE_LOOP_ANALYSIS = YES;
				CLANG_WARN_STRICT_PROTOTYPES = YES;
				CLANG_WARN_SUSPICIOUS_MOVE = YES;
				CLANG_WARN_UNGUARDED_AVAILABILITY = YES_AGGRESSIVE;
				CLANG_WARN_UNREACHABLE_CODE = YES;
				CLANG_WARN__DUPLICATE_METHOD_MATCH = YES;
				COPY_PHASE_STRIP = NO;
				DEBUG_INFORMATION_FORMAT = "dwarf-with-dsym";
				ENABLE_NS_ASSERTIONS = NO;
				ENABLE_STRICT_OBJC_MSGSEND = YES;
				GCC_C_LANGUAGE_STANDARD = gnu11;
				GCC_NO_COMMON_BLOCKS = YES;
				GCC_WARN_64_TO_32_BIT_CONVERSION = YES;
				GCC_WARN_ABOUT_RETURN_TYPE = YES_ERROR;
				GCC_WARN_UNDECLARED_SELECTOR = YES;
				GCC_WARN_UNINITIALIZED_AUTOS = YES_AGGRESSIVE;
				GCC_WARN_UNUSED_FUNCTION = YES;
				GCC_WARN_UNUSED_VARIABLE = YES;
				IPHONEOS_DEPLOYMENT_TARGET = 13.4;
				MTL_ENABLE_DEBUG_INFO = NO;
				MTL_FAST_MATH = YES;
				SDKROOT = iphoneos;
				SWIFT_COMPILATION_MODE = wholemodule;
				SWIFT_OPTIMIZATION_LEVEL = "-O";
				VALIDATE_PRODUCT = YES;
			};
			name = Release;
		};
		CCAF956E245C0A8000170876 /* Debug */ = {
			isa = XCBuildConfiguration;
			buildSettings = {
				CODE_SIGN_STYLE = Automatic;
				DEVELOPMENT_TEAM = 4G8R7KAY96;
				OTHER_LDFLAGS = "-ObjC";
				PRODUCT_NAME = "$(TARGET_NAME)";
				SKIP_INSTALL = YES;
				SWIFT_VERSION = 5.0;
				TARGETED_DEVICE_FAMILY = "1,2";
			};
			name = Debug;
		};
		CCAF956F245C0A8000170876 /* Release */ = {
			isa = XCBuildConfiguration;
			buildSettings = {
				CODE_SIGN_STYLE = Automatic;
				DEVELOPMENT_TEAM = 4G8R7KAY96;
				OTHER_LDFLAGS = "-ObjC";
				PRODUCT_NAME = "$(TARGET_NAME)";
				SKIP_INSTALL = YES;
				SWIFT_VERSION = 5.0;
				TARGETED_DEVICE_FAMILY = "1,2";
			};
			name = Release;
		};
/* End XCBuildConfiguration section */

/* Begin XCConfigurationList section */
		CCAF9561245C0A8000170876 /* Build configuration list for PBXProject "StatefulTextField" */ = {
			isa = XCConfigurationList;
			buildConfigurations = (
				CCAF956B245C0A8000170876 /* Debug */,
				CCAF956C245C0A8000170876 /* Release */,
			);
			defaultConfigurationIsVisible = 0;
			defaultConfigurationName = Release;
		};
		CCAF956D245C0A8000170876 /* Build configuration list for PBXNativeTarget "StatefulTextField" */ = {
			isa = XCConfigurationList;
			buildConfigurations = (
				CCAF956E245C0A8000170876 /* Debug */,
				CCAF956F245C0A8000170876 /* Release */,
			);
			defaultConfigurationIsVisible = 0;
			defaultConfigurationName = Release;
		};
/* End XCConfigurationList section */
	};
	rootObject = CCAF955E245C0A8000170876 /* Project object */;
}
